
Microsoft Visual Studio Solution File, Format Version 12.00
# Visual Studio Version 17
VisualStudioVersion = 17.14.36603.0
MinimumVisualStudioVersion = 10.0.40219.1
Project("{FAE04EC0-301F-11D3-BF4B-00C04F79EFBC}") = "ArrayEx", "Programing\ArrayEx.csproj", "{4A1C650B-4962-47E5-A398-A1D74205EF36}"
EndProject
Project("{FAE04EC0-301F-11D3-BF4B-00C04F79EFBC}") = "InterfaceEx", "InterfaceEx\InterfaceEx.csproj", "{C6667DB1-B962-4B65-8911-A5D270C0C444}"
EndProject
Project("{FAE04EC0-301F-11D3-BF4B-00C04F79EFBC}") = "InvenEx", "InvenEx\InvenEx.csproj", "{69252E91-FA12-450A-9997-CDFCDB5D41EF}"
EndProject
Project("{FAE04EC0-301F-11D3-BF4B-00C04F79EFBC}") = "ListEx", "ListEx\ListEx.csproj", "{7C01575D-CFFD-42A2-B2B9-E69BF415E2D8}"
EndProject
Global
	GlobalSection(SolutionConfigurationPlatforms) = preSolution
		Debug|Any CPU = Debug|Any CPU
		Release|Any CPU = Release|Any CPU
	EndGlobalSection
	GlobalSection(ProjectConfigurationPlatforms) = postSolution
		{4A1C650B-4962-47E5-A398-A1D74205EF36}.Debug|Any CPU.ActiveCfg = Debug|Any CPU
		{4A1C650B-4962-47E5-A398-A1D74205EF36}.Debug|Any CPU.Build.0 = Debug|Any CPU
		{4A1C650B-4962-47E5-A398-A1D74205EF36}.Release|Any CPU.ActiveCfg = Release|Any CPU
		{4A1C650B-4962-47E5-A398-A1D74205EF36}.Release|Any CPU.Build.0 = Release|Any CPU
		{C6667DB1-B962-4B65-8911-A5D270C0C444}.Debug|Any CPU.ActiveCfg = Debug|Any CPU
		{C6667DB1-B962-4B65-8911-A5D270C0C444}.Debug|Any CPU.Build.0 = Debug|Any CPU
		{C6667DB1-B962-4B65-8911-A5D270C0C444}.Release|Any CPU.ActiveCfg = Release|Any CPU
		{C6667DB1-B962-4B65-8911-A5D270C0C444}.Release|Any CPU.Build.0 = Release|Any CPU
		{69252E91-FA12-450A-9997-CDFCDB5D41EF}.Debug|Any CPU.ActiveCfg = Debug|Any CPU
		{69252E91-FA12-450A-9997-CDFCDB5D41EF}.Debug|Any CPU.Build.0 = Debug|Any CPU
		{69252E91-FA12-450A-9997-CDFCDB5D41EF}.Release|Any CPU.ActiveCfg = Release|Any CPU
		{69252E91-FA12-450A-9997-CDFCDB5D41EF}.Release|Any CPU.Build.0 = Release|Any CPU
		{7C01575D-CFFD-42A2-B2B9-E69BF415E2D8}.Debug|Any CPU.ActiveCfg = Debug|Any CPU
		{7C01575D-CFFD-42A2-B2B9-E69BF415E2D8}.Debug|Any CPU.Build.0 = Debug|Any CPU
		{7C01575D-CFFD-42A2-B2B9-E69BF415E2D8}.Release|Any CPU.ActiveCfg = Release|Any CPU
		{7C01575D-CFFD-42A2-B2B9-E69BF415E2D8}.Release|Any CPU.Build.0 = Release|Any CPU
	EndGlobalSection
	GlobalSection(SolutionProperties) = preSolution
		HideSolutionNode = FALSE
	EndGlobalSection
	GlobalSection(ExtensibilityGlobals) = postSolution
		SolutionGuid = {79597A56-BDDA-47D6-BA19-15040E6CC298}
	EndGlobalSection
EndGlobal
