
Microsoft Visual Studio Solution File, Format Version 12.00
# Visual Studio Version 17
VisualStudioVersion = 17.14.36603.0
MinimumVisualStudioVersion = 10.0.40219.1
Project("{FAE04EC0-301F-11D3-BF4B-00C04F79EFBC}") = "ArrayEx", "Programing\ArrayEx.csproj", "{4A1C650B-4962-47E5-A398-A1D74205EF36}"
EndProject
Project("{FAE04EC0-301F-11D3-BF4B-00C04F79EFBC}") = "InterfaceEx", "InterfaceEx\InterfaceEx.csproj", "{C6667DB1-B962-4B65-8911-A5D270C0C444}"
EndProject
Project("{FAE04EC0-301F-11D3-BF4B-00C04F79EFBC}") = "InvenEx", "InvenEx\InvenEx.csproj", "{69252E91-FA12-450A-9997-CDFCDB5D41EF}"
EndProject
Project("{FAE04EC0-301F-11D3-BF4B-00C04F79EFBC}") = "ListEx", "ListEx\ListEx.csproj", "{7C01575D-CFFD-42A2-B2B9-E69BF415E2D8}"
EndProject
Project("{FAE04EC0-301F-11D3-BF4B-00C04F79EFBC}") = "PracticeEx", "PracticeEx\PracticeEx.csproj", "{213F0ACB-571D-448C-85AA-5884C3D05B78}"
EndProject
Project("{FAE04EC0-301F-11D3-BF4B-00C04F79EFBC}") = "StringEx", "StringEx\StringEx.csproj", "{678158A6-6994-4453-8353-FD34CB06D05C}"
EndProject
Project("{FAE04EC0-301F-11D3-BF4B-00C04F79EFBC}") = "BaseballEx", "BaseballEx\BaseballEx.csproj", "{AD9F63B2-2D05-4314-98CE-2C13836B0046}"
EndProject
Project("{FAE04EC0-301F-11D3-BF4B-00C04F79EFBC}") = "TestProject", "TestProject\TestProject.csproj", "{993D717B-6E0E-4FC4-91A1-7EDFA8A9F469}"
EndProject
Project("{FAE04EC0-301F-11D3-BF4B-00C04F79EFBC}") = "TestProject2", "TestProject2\TestProject2.csproj", "{E31470DB-1390-48C8-8CF4-41833E87A366}"
EndProject
Project("{FAE04EC0-301F-11D3-BF4B-00C04F79EFBC}") = "StructureEx", "StructureEx\StructureEx.csproj", "{4D78BE8F-6A9C-4C0D-AEF6-1DE7428E578A}"
EndProject
Project("{FAE04EC0-301F-11D3-BF4B-00C04F79EFBC}") = "Omok", "Omok\Omok.csproj", "{E411D920-40BB-4932-89B0-A2812CD4A569}"
EndProject
Project("{FAE04EC0-301F-11D3-BF4B-00C04F79EFBC}") = "Review", "Review\Review.csproj", "{5241B0D7-0FE7-49C9-8CFE-96583120BBFC}"
EndProject
Global
	GlobalSection(SolutionConfigurationPlatforms) = preSolution
		Debug|Any CPU = Debug|Any CPU
		Release|Any CPU = Release|Any CPU
	EndGlobalSection
	GlobalSection(ProjectConfigurationPlatforms) = postSolution
		{4A1C650B-4962-47E5-A398-A1D74205EF36}.Debug|Any CPU.ActiveCfg = Debug|Any CPU
		{4A1C650B-4962-47E5-A398-A1D74205EF36}.Debug|Any CPU.Build.0 = Debug|Any CPU
		{4A1C650B-4962-47E5-A398-A1D74205EF36}.Release|Any CPU.ActiveCfg = Release|Any CPU
		{4A1C650B-4962-47E5-A398-A1D74205EF36}.Release|Any CPU.Build.0 = Release|Any CPU
		{C6667DB1-B962-4B65-8911-A5D270C0C444}.Debug|Any CPU.ActiveCfg = Debug|Any CPU
		{C6667DB1-B962-4B65-8911-A5D270C0C444}.Debug|Any CPU.Build.0 = Debug|Any CPU
		{C6667DB1-B962-4B65-8911-A5D270C0C444}.Release|Any CPU.ActiveCfg = Release|Any CPU
		{C6667DB1-B962-4B65-8911-A5D270C0C444}.Release|Any CPU.Build.0 = Release|Any CPU
		{69252E91-FA12-450A-9997-CDFCDB5D41EF}.Debug|Any CPU.ActiveCfg = Debug|Any CPU
		{69252E91-FA12-450A-9997-CDFCDB5D41EF}.Debug|Any CPU.Build.0 = Debug|Any CPU
		{69252E91-FA12-450A-9997-CDFCDB5D41EF}.Release|Any CPU.ActiveCfg = Release|Any CPU
		{69252E91-FA12-450A-9997-CDFCDB5D41EF}.Release|Any CPU.Build.0 = Release|Any CPU
		{7C01575D-CFFD-42A2-B2B9-E69BF415E2D8}.Debug|Any CPU.ActiveCfg = Debug|Any CPU
		{7C01575D-CFFD-42A2-B2B9-E69BF415E2D8}.Debug|Any CPU.Build.0 = Debug|Any CPU
		{7C01575D-CFFD-42A2-B2B9-E69BF415E2D8}.Release|Any CPU.ActiveCfg = Release|Any CPU
		{7C01575D-CFFD-42A2-B2B9-E69BF415E2D8}.Release|Any CPU.Build.0 = Release|Any CPU
		{213F0ACB-571D-448C-85AA-5884C3D05B78}.Debug|Any CPU.ActiveCfg = Debug|Any CPU
		{213F0ACB-571D-448C-85AA-5884C3D05B78}.Debug|Any CPU.Build.0 = Debug|Any CPU
		{213F0ACB-571D-448C-85AA-5884C3D05B78}.Release|Any CPU.ActiveCfg = Release|Any CPU
		{213F0ACB-571D-448C-85AA-5884C3D05B78}.Release|Any CPU.Build.0 = Release|Any CPU
		{678158A6-6994-4453-8353-FD34CB06D05C}.Debug|Any CPU.ActiveCfg = Debug|Any CPU
		{678158A6-6994-4453-8353-FD34CB06D05C}.Debug|Any CPU.Build.0 = Debug|Any CPU
		{678158A6-6994-4453-8353-FD34CB06D05C}.Release|Any CPU.ActiveCfg = Release|Any CPU
		{678158A6-6994-4453-8353-FD34CB06D05C}.Release|Any CPU.Build.0 = Release|Any CPU
		{AD9F63B2-2D05-4314-98CE-2C13836B0046}.Debug|Any CPU.ActiveCfg = Debug|Any CPU
		{AD9F63B2-2D05-4314-98CE-2C13836B0046}.Debug|Any CPU.Build.0 = Debug|Any CPU
		{AD9F63B2-2D05-4314-98CE-2C13836B0046}.Release|Any CPU.ActiveCfg = Release|Any CPU
		{AD9F63B2-2D05-4314-98CE-2C13836B0046}.Release|Any CPU.Build.0 = Release|Any CPU
		{993D717B-6E0E-4FC4-91A1-7EDFA8A9F469}.Debug|Any CPU.ActiveCfg = Debug|Any CPU
		{993D717B-6E0E-4FC4-91A1-7EDFA8A9F469}.Debug|Any CPU.Build.0 = Debug|Any CPU
		{993D717B-6E0E-4FC4-91A1-7EDFA8A9F469}.Release|Any CPU.ActiveCfg = Release|Any CPU
		{993D717B-6E0E-4FC4-91A1-7EDFA8A9F469}.Release|Any CPU.Build.0 = Release|Any CPU
		{E31470DB-1390-48C8-8CF4-41833E87A366}.Debug|Any CPU.ActiveCfg = Debug|Any CPU
		{E31470DB-1390-48C8-8CF4-41833E87A366}.Debug|Any CPU.Build.0 = Debug|Any CPU
		{E31470DB-1390-48C8-8CF4-41833E87A366}.Release|Any CPU.ActiveCfg = Release|Any CPU
		{E31470DB-1390-48C8-8CF4-41833E87A366}.Release|Any CPU.Build.0 = Release|Any CPU
		{4D78BE8F-6A9C-4C0D-AEF6-1DE7428E578A}.Debug|Any CPU.ActiveCfg = Debug|Any CPU
		{4D78BE8F-6A9C-4C0D-AEF6-1DE7428E578A}.Debug|Any CPU.Build.0 = Debug|Any CPU
		{4D78BE8F-6A9C-4C0D-AEF6-1DE7428E578A}.Release|Any CPU.ActiveCfg = Release|Any CPU
		{4D78BE8F-6A9C-4C0D-AEF6-1DE7428E578A}.Release|Any CPU.Build.0 = Release|Any CPU
		{E411D920-40BB-4932-89B0-A2812CD4A569}.Debug|Any CPU.ActiveCfg = Debug|Any CPU
		{E411D920-40BB-4932-89B0-A2812CD4A569}.Debug|Any CPU.Build.0 = Debug|Any CPU
		{E411D920-40BB-4932-89B0-A2812CD4A569}.Release|Any CPU.ActiveCfg = Release|Any CPU
		{E411D920-40BB-4932-89B0-A2812CD4A569}.Release|Any CPU.Build.0 = Release|Any CPU
		{5241B0D7-0FE7-49C9-8CFE-96583120BBFC}.Debug|Any CPU.ActiveCfg = Debug|Any CPU
		{5241B0D7-0FE7-49C9-8CFE-96583120BBFC}.Debug|Any CPU.Build.0 = Debug|Any CPU
		{5241B0D7-0FE7-49C9-8CFE-96583120BBFC}.Release|Any CPU.ActiveCfg = Release|Any CPU
		{5241B0D7-0FE7-49C9-8CFE-96583120BBFC}.Release|Any CPU.Build.0 = Release|Any CPU
	EndGlobalSection
	GlobalSection(SolutionProperties) = preSolution
		HideSolutionNode = FALSE
	EndGlobalSection
	GlobalSection(ExtensibilityGlobals) = postSolution
		SolutionGuid = {79597A56-BDDA-47D6-BA19-15040E6CC298}
	EndGlobalSection
EndGlobal
